
Microsoft Visual Studio Solution File, Format Version 12.00
# Visual Studio Version 17
VisualStudioVersion = 17.3.32901.215
MinimumVisualStudioVersion = 10.0.40219.1
Project("{FAE04EC0-301F-11D3-BF4B-00C04F79EFBC}") = "URI1061Certo", "URI1061Certo\URI1061Certo.csproj", "{1B383EF8-CCC7-48D8-B53B-E17BA48AADFC}"
EndProject
Global
	GlobalSection(SolutionConfigurationPlatforms) = preSolution
		Debug|Any CPU = Debug|Any CPU
		Release|Any CPU = Release|Any CPU
	EndGlobalSection
	GlobalSection(ProjectConfigurationPlatforms) = postSolution
		{1B383EF8-CCC7-48D8-B53B-E17BA48AADFC}.Debug|Any CPU.ActiveCfg = Debug|Any CPU
		{1B383EF8-CCC7-48D8-B53B-E17BA48AADFC}.Debug|Any CPU.Build.0 = Debug|Any CPU
		{1B383EF8-CCC7-48D8-B53B-E17BA48AADFC}.Release|Any CPU.ActiveCfg = Release|Any CPU
		{1B383EF8-CCC7-48D8-B53B-E17BA48AADFC}.Release|Any CPU.Build.0 = Release|Any CPU
	EndGlobalSection
	GlobalSection(SolutionProperties) = preSolution
		HideSolutionNode = FALSE
	EndGlobalSection
	GlobalSection(ExtensibilityGlobals) = postSolution
		SolutionGuid = {A8CB610A-7910-4C24-9D89-1B74D135DDA3}
	EndGlobalSection
EndGlobal
