
Microsoft Visual Studio Solution File, Format Version 12.00
# Visual Studio Version 16
VisualStudioVersion = 16.0.32802.440
MinimumVisualStudioVersion = 10.0.40219.1
Project("{FAE04EC0-301F-11D3-BF4B-00C04F79EFBC}") = "EntradaDeDados1", "EntradaDeDados\EntradaDeDados1.csproj", "{8A176C24-6A83-4860-8306-A8EF3F661D2E}"
EndProject
Global
	GlobalSection(SolutionConfigurationPlatforms) = preSolution
		Debug|Any CPU = Debug|Any CPU
		Release|Any CPU = Release|Any CPU
	EndGlobalSection
	GlobalSection(ProjectConfigurationPlatforms) = postSolution
		{8A176C24-6A83-4860-8306-A8EF3F661D2E}.Debug|Any CPU.ActiveCfg = Debug|Any CPU
		{8A176C24-6A83-4860-8306-A8EF3F661D2E}.Debug|Any CPU.Build.0 = Debug|Any CPU
		{8A176C24-6A83-4860-8306-A8EF3F661D2E}.Release|Any CPU.ActiveCfg = Release|Any CPU
		{8A176C24-6A83-4860-8306-A8EF3F661D2E}.Release|Any CPU.Build.0 = Release|Any CPU
	EndGlobalSection
	GlobalSection(SolutionProperties) = preSolution
		HideSolutionNode = FALSE
	EndGlobalSection
	GlobalSection(ExtensibilityGlobals) = postSolution
		SolutionGuid = {A0E85B80-2A2A-41B0-B5F0-63191CDAD338}
	EndGlobalSection
EndGlobal
