
Microsoft Visual Studio Solution File, Format Version 12.00
# Visual Studio Version 17
VisualStudioVersion = 17.3.32901.215
MinimumVisualStudioVersion = 10.0.40219.1
Project("{FAE04EC0-301F-11D3-BF4B-00C04F79EFBC}") = "URI1021Certo", "URI1021Certo\URI1021Certo.csproj", "{0F13EFE7-39E2-406D-8651-FD420ECAC012}"
EndProject
Global
	GlobalSection(SolutionConfigurationPlatforms) = preSolution
		Debug|Any CPU = Debug|Any CPU
		Release|Any CPU = Release|Any CPU
	EndGlobalSection
	GlobalSection(ProjectConfigurationPlatforms) = postSolution
		{0F13EFE7-39E2-406D-8651-FD420ECAC012}.Debug|Any CPU.ActiveCfg = Debug|Any CPU
		{0F13EFE7-39E2-406D-8651-FD420ECAC012}.Debug|Any CPU.Build.0 = Debug|Any CPU
		{0F13EFE7-39E2-406D-8651-FD420ECAC012}.Release|Any CPU.ActiveCfg = Release|Any CPU
		{0F13EFE7-39E2-406D-8651-FD420ECAC012}.Release|Any CPU.Build.0 = Release|Any CPU
	EndGlobalSection
	GlobalSection(SolutionProperties) = preSolution
		HideSolutionNode = FALSE
	EndGlobalSection
	GlobalSection(ExtensibilityGlobals) = postSolution
		SolutionGuid = {84C1F4B3-49DC-41B3-9672-904A89578CB2}
	EndGlobalSection
EndGlobal
