
Microsoft Visual Studio Solution File, Format Version 12.00
# Visual Studio Version 17
VisualStudioVersion = 17.3.32901.215
MinimumVisualStudioVersion = 10.0.40219.1
Project("{FAE04EC0-301F-11D3-BF4B-00C04F79EFBC}") = "URI1021", "URI1021\URI1021.csproj", "{7F4BECB7-6192-4B32-9EDB-29A6892F038F}"
EndProject
Global
	GlobalSection(SolutionConfigurationPlatforms) = preSolution
		Debug|Any CPU = Debug|Any CPU
		Release|Any CPU = Release|Any CPU
	EndGlobalSection
	GlobalSection(ProjectConfigurationPlatforms) = postSolution
		{7F4BECB7-6192-4B32-9EDB-29A6892F038F}.Debug|Any CPU.ActiveCfg = Debug|Any CPU
		{7F4BECB7-6192-4B32-9EDB-29A6892F038F}.Debug|Any CPU.Build.0 = Debug|Any CPU
		{7F4BECB7-6192-4B32-9EDB-29A6892F038F}.Release|Any CPU.ActiveCfg = Release|Any CPU
		{7F4BECB7-6192-4B32-9EDB-29A6892F038F}.Release|Any CPU.Build.0 = Release|Any CPU
	EndGlobalSection
	GlobalSection(SolutionProperties) = preSolution
		HideSolutionNode = FALSE
	EndGlobalSection
	GlobalSection(ExtensibilityGlobals) = postSolution
		SolutionGuid = {7DCE6873-D13C-44F1-BDDA-19DEADA5D1AD}
	EndGlobalSection
EndGlobal
